
Microsoft Visual Studio Solution File, Format Version 12.00
# Visual Studio Version 16
VisualStudioVersion = 16.0.31613.86
MinimumVisualStudioVersion = 10.0.40219.1
Project("{FAE04EC0-301F-11D3-BF4B-00C04F79EFBC}") = "Sidstetal opgave", "Sidstetal opgave\Sidstetal opgave.csproj", "{EE152D03-752B-4732-807E-4B0F9CA875ED}"
EndProject
Global
	GlobalSection(SolutionConfigurationPlatforms) = preSolution
		Debug|Any CPU = Debug|Any CPU
		Release|Any CPU = Release|Any CPU
	EndGlobalSection
	GlobalSection(ProjectConfigurationPlatforms) = postSolution
		{EE152D03-752B-4732-807E-4B0F9CA875ED}.Debug|Any CPU.ActiveCfg = Debug|Any CPU
		{EE152D03-752B-4732-807E-4B0F9CA875ED}.Debug|Any CPU.Build.0 = Debug|Any CPU
		{EE152D03-752B-4732-807E-4B0F9CA875ED}.Release|Any CPU.ActiveCfg = Release|Any CPU
		{EE152D03-752B-4732-807E-4B0F9CA875ED}.Release|Any CPU.Build.0 = Release|Any CPU
	EndGlobalSection
	GlobalSection(SolutionProperties) = preSolution
		HideSolutionNode = FALSE
	EndGlobalSection
	GlobalSection(ExtensibilityGlobals) = postSolution
		SolutionGuid = {6FE6C66B-0657-4B44-ABBA-8168B052737C}
	EndGlobalSection
EndGlobal
