
Microsoft Visual Studio Solution File, Format Version 12.00
# Visual Studio Version 16
VisualStudioVersion = 16.0.31624.102
MinimumVisualStudioVersion = 10.0.40219.1
Project("{FAE04EC0-301F-11D3-BF4B-00C04F79EFBC}") = "Lommeregner V2", "Lommeregner V2\Lommeregner V2.csproj", "{BDF17A79-F2D5-4B2D-8D06-AA90EEF5C2CD}"
EndProject
Global
	GlobalSection(SolutionConfigurationPlatforms) = preSolution
		Debug|Any CPU = Debug|Any CPU
		Release|Any CPU = Release|Any CPU
	EndGlobalSection
	GlobalSection(ProjectConfigurationPlatforms) = postSolution
		{BDF17A79-F2D5-4B2D-8D06-AA90EEF5C2CD}.Debug|Any CPU.ActiveCfg = Debug|Any CPU
		{BDF17A79-F2D5-4B2D-8D06-AA90EEF5C2CD}.Debug|Any CPU.Build.0 = Debug|Any CPU
		{BDF17A79-F2D5-4B2D-8D06-AA90EEF5C2CD}.Release|Any CPU.ActiveCfg = Release|Any CPU
		{BDF17A79-F2D5-4B2D-8D06-AA90EEF5C2CD}.Release|Any CPU.Build.0 = Release|Any CPU
	EndGlobalSection
	GlobalSection(SolutionProperties) = preSolution
		HideSolutionNode = FALSE
	EndGlobalSection
	GlobalSection(ExtensibilityGlobals) = postSolution
		SolutionGuid = {D81B8DE5-2618-4C0F-9F6E-2478AC3D021D}
	EndGlobalSection
EndGlobal
