
Microsoft Visual Studio Solution File, Format Version 12.00
# Visual Studio Version 16
VisualStudioVersion = 16.0.31613.86
MinimumVisualStudioVersion = 10.0.40219.1
Project("{FAE04EC0-301F-11D3-BF4B-00C04F79EFBC}") = "syntaktisk sukker og klistre-plus", "syntaktisk sukker og klistre-plus\syntaktisk sukker og klistre-plus.csproj", "{BFD7C5C8-F8EA-4BD7-8DF2-5BA0DECC9787}"
EndProject
Global
	GlobalSection(SolutionConfigurationPlatforms) = preSolution
		Debug|Any CPU = Debug|Any CPU
		Release|Any CPU = Release|Any CPU
	EndGlobalSection
	GlobalSection(ProjectConfigurationPlatforms) = postSolution
		{BFD7C5C8-F8EA-4BD7-8DF2-5BA0DECC9787}.Debug|Any CPU.ActiveCfg = Debug|Any CPU
		{BFD7C5C8-F8EA-4BD7-8DF2-5BA0DECC9787}.Debug|Any CPU.Build.0 = Debug|Any CPU
		{BFD7C5C8-F8EA-4BD7-8DF2-5BA0DECC9787}.Release|Any CPU.ActiveCfg = Release|Any CPU
		{BFD7C5C8-F8EA-4BD7-8DF2-5BA0DECC9787}.Release|Any CPU.Build.0 = Release|Any CPU
	EndGlobalSection
	GlobalSection(SolutionProperties) = preSolution
		HideSolutionNode = FALSE
	EndGlobalSection
	GlobalSection(ExtensibilityGlobals) = postSolution
		SolutionGuid = {14E3F1E1-0A03-45C7-8BA5-D4322B11F83D}
	EndGlobalSection
EndGlobal
