
Microsoft Visual Studio Solution File, Format Version 12.00
# Visual Studio Version 16
VisualStudioVersion = 16.0.31613.86
MinimumVisualStudioVersion = 10.0.40219.1
Project("{FAE04EC0-301F-11D3-BF4B-00C04F79EFBC}") = "ConsoleApp1", "ConsoleApp1\ConsoleApp1.csproj", "{851C8BD4-13CB-4437-AD84-118C6B9B733B}"
EndProject
Global
	GlobalSection(SolutionConfigurationPlatforms) = preSolution
		Debug|Any CPU = Debug|Any CPU
		Release|Any CPU = Release|Any CPU
	EndGlobalSection
	GlobalSection(ProjectConfigurationPlatforms) = postSolution
		{851C8BD4-13CB-4437-AD84-118C6B9B733B}.Debug|Any CPU.ActiveCfg = Debug|Any CPU
		{851C8BD4-13CB-4437-AD84-118C6B9B733B}.Debug|Any CPU.Build.0 = Debug|Any CPU
		{851C8BD4-13CB-4437-AD84-118C6B9B733B}.Release|Any CPU.ActiveCfg = Release|Any CPU
		{851C8BD4-13CB-4437-AD84-118C6B9B733B}.Release|Any CPU.Build.0 = Release|Any CPU
	EndGlobalSection
	GlobalSection(SolutionProperties) = preSolution
		HideSolutionNode = FALSE
	EndGlobalSection
	GlobalSection(ExtensibilityGlobals) = postSolution
		SolutionGuid = {6556DC1E-AB0B-4E1C-905D-C007ED0E68E0}
	EndGlobalSection
EndGlobal
