
Microsoft Visual Studio Solution File, Format Version 12.00
# Visual Studio Version 16
VisualStudioVersion = 16.0.31624.102
MinimumVisualStudioVersion = 10.0.40219.1
Project("{FAE04EC0-301F-11D3-BF4B-00C04F79EFBC}") = "StreamWrite Read test", "StreamWrite Read test\StreamWrite Read test.csproj", "{C7E25829-E869-4731-B237-896A6664A58E}"
EndProject
Global
	GlobalSection(SolutionConfigurationPlatforms) = preSolution
		Debug|Any CPU = Debug|Any CPU
		Release|Any CPU = Release|Any CPU
	EndGlobalSection
	GlobalSection(ProjectConfigurationPlatforms) = postSolution
		{C7E25829-E869-4731-B237-896A6664A58E}.Debug|Any CPU.ActiveCfg = Debug|Any CPU
		{C7E25829-E869-4731-B237-896A6664A58E}.Debug|Any CPU.Build.0 = Debug|Any CPU
		{C7E25829-E869-4731-B237-896A6664A58E}.Release|Any CPU.ActiveCfg = Release|Any CPU
		{C7E25829-E869-4731-B237-896A6664A58E}.Release|Any CPU.Build.0 = Release|Any CPU
	EndGlobalSection
	GlobalSection(SolutionProperties) = preSolution
		HideSolutionNode = FALSE
	EndGlobalSection
	GlobalSection(ExtensibilityGlobals) = postSolution
		SolutionGuid = {5B5D94EC-3629-44F4-A572-E872260242B6}
	EndGlobalSection
EndGlobal
